
Microsoft Visual Studio Solution File, Format Version 12.00
# Visual Studio Version 17
VisualStudioVersion = 17.7.34221.43
MinimumVisualStudioVersion = 10.0.40219.1
Project("{FAE04EC0-301F-11D3-BF4B-00C04F79EFBC}") = "ApiStore", "ApiStore.csproj", "{536CBBBC-41F1-44B7-9CB7-41D95164306C}"
EndProject
Global
	GlobalSection(SolutionConfigurationPlatforms) = preSolution
		Debug|Any CPU = Debug|Any CPU
		Release|Any CPU = Release|Any CPU
	EndGlobalSection
	GlobalSection(ProjectConfigurationPlatforms) = postSolution
		{536CBBBC-41F1-44B7-9CB7-41D95164306C}.Debug|Any CPU.ActiveCfg = Debug|Any CPU
		{536CBBBC-41F1-44B7-9CB7-41D95164306C}.Debug|Any CPU.Build.0 = Debug|Any CPU
		{536CBBBC-41F1-44B7-9CB7-41D95164306C}.Release|Any CPU.ActiveCfg = Release|Any CPU
		{536CBBBC-41F1-44B7-9CB7-41D95164306C}.Release|Any CPU.Build.0 = Release|Any CPU
	EndGlobalSection
	GlobalSection(SolutionProperties) = preSolution
		HideSolutionNode = FALSE
	EndGlobalSection
	GlobalSection(ExtensibilityGlobals) = postSolution
		SolutionGuid = {16B75106-C05E-406B-9499-7CF9046F4C77}
	EndGlobalSection
EndGlobal
